
Microsoft Visual Studio Solution File, Format Version 12.00
# Visual Studio Version 17
VisualStudioVersion = 17.7.34031.279
MinimumVisualStudioVersion = 10.0.40219.1
Project("{FAE04EC0-301F-11D3-BF4B-00C04F79EFBC}") = "BenchMarkExample", "BenchMarkExample.csproj", "{94F9DF7C-CA03-49D0-84C0-03EE3FF982C0}"
EndProject
Global
	GlobalSection(SolutionConfigurationPlatforms) = preSolution
		Debug|Any CPU = Debug|Any CPU
		Release|Any CPU = Release|Any CPU
	EndGlobalSection
	GlobalSection(ProjectConfigurationPlatforms) = postSolution
		{94F9DF7C-CA03-49D0-84C0-03EE3FF982C0}.Debug|Any CPU.ActiveCfg = Debug|Any CPU
		{94F9DF7C-CA03-49D0-84C0-03EE3FF982C0}.Debug|Any CPU.Build.0 = Debug|Any CPU
		{94F9DF7C-CA03-49D0-84C0-03EE3FF982C0}.Release|Any CPU.ActiveCfg = Release|Any CPU
		{94F9DF7C-CA03-49D0-84C0-03EE3FF982C0}.Release|Any CPU.Build.0 = Release|Any CPU
	EndGlobalSection
	GlobalSection(SolutionProperties) = preSolution
		HideSolutionNode = FALSE
	EndGlobalSection
	GlobalSection(ExtensibilityGlobals) = postSolution
		SolutionGuid = {012EB7B9-BC44-4800-8AF2-00EADFE6ED91}
	EndGlobalSection
EndGlobal
